// !$*UTF8*$!
{
	archiveVersion = 1;
	classes = {
	};
	objectVersion = 56;
	objects = {

/* Begin PBXBuildFile section */
		8D54981F2AB89159004B2D9F /* G2048App.swift in Sources */ = {isa = PBXBuildFile; fileRef = 8D54981E2AB89159004B2D9F /* G2048App.swift */; };
		8D5498212AB89159004B2D9F /* GameView.swift in Sources */ = {isa = PBXBuildFile; fileRef = 8D5498202AB89159004B2D9F /* GameView.swift */; };
		8D5498232AB8915A004B2D9F /* Assets.xcassets in Resources */ = {isa = PBXBuildFile; fileRef = 8D5498222AB8915A004B2D9F /* Assets.xcassets */; };
		8D5498262AB8915A004B2D9F /* Preview Assets.xcassets in Resources */ = {isa = PBXBuildFile; fileRef = 8D5498252AB8915A004B2D9F /* Preview Assets.xcassets */; };
		8D54982D2AB893E2004B2D9F /* GameViewModel.swift in Sources */ = {isa = PBXBuildFile; fileRef = 8D54982C2AB893E2004B2D9F /* GameViewModel.swift */; };
		8D54982F2AB89508004B2D9F /* GameMatrix.swift in Sources */ = {isa = PBXBuildFile; fileRef = 8D54982E2AB89508004B2D9F /* GameMatrix.swift */; };
		8D5498332AB8CE8B004B2D9F /* IdentifiedBoard.swift in Sources */ = {isa = PBXBuildFile; fileRef = 8D5498322AB8CE8B004B2D9F /* IdentifiedBoard.swift */; };
		8D5498352AB8D084004B2D9F /* BoardView.swift in Sources */ = {isa = PBXBuildFile; fileRef = 8D5498342AB8D084004B2D9F /* BoardView.swift */; };
		8D5498372AB8D2B1004B2D9F /* BoardViewDetails.swift in Sources */ = {isa = PBXBuildFile; fileRef = 8D5498362AB8D2B1004B2D9F /* BoardViewDetails.swift */; };
		8D5498392AB8D60E004B2D9F /* BoardGridView.swift in Sources */ = {isa = PBXBuildFile; fileRef = 8D5498382AB8D60E004B2D9F /* BoardGridView.swift */; };
		8D54983D2AB8D6B4004B2D9F /* AnchoredScale.swift in Sources */ = {isa = PBXBuildFile; fileRef = 8D54983C2AB8D6B4004B2D9F /* AnchoredScale.swift */; };
		8D54983F2AB8D6D3004B2D9F /* BlurEffect.swift in Sources */ = {isa = PBXBuildFile; fileRef = 8D54983E2AB8D6D3004B2D9F /* BlurEffect.swift */; };
		8D5498412AB8D701004B2D9F /* MergedViewModifier.swift in Sources */ = {isa = PBXBuildFile; fileRef = 8D5498402AB8D701004B2D9F /* MergedViewModifier.swift */; };
		8D5498432AB8D73D004B2D9F /* AnyTransition+Extemsion.swift in Sources */ = {isa = PBXBuildFile; fileRef = 8D5498422AB8D73D004B2D9F /* AnyTransition+Extemsion.swift */; };
		8D5498592ABA2955004B2D9F /* Edge+Extension.swift in Sources */ = {isa = PBXBuildFile; fileRef = 8D5498582ABA2955004B2D9F /* Edge+Extension.swift */; };
/* End PBXBuildFile section */

/* Begin PBXFileReference section */
		8D54981B2AB89159004B2D9F /* 2048.app */ = {isa = PBXFileReference; explicitFileType = wrapper.application; includeInIndex = 0; path = 2048.app; sourceTree = BUILT_PRODUCTS_DIR; };
		8D54981E2AB89159004B2D9F /* G2048App.swift */ = {isa = PBXFileReference; lastKnownFileType = sourcecode.swift; path = G2048App.swift; sourceTree = "<group>"; };
		8D5498202AB89159004B2D9F /* GameView.swift */ = {isa = PBXFileReference; lastKnownFileType = sourcecode.swift; path = GameView.swift; sourceTree = "<group>"; };
		8D5498222AB8915A004B2D9F /* Assets.xcassets */ = {isa = PBXFileReference; lastKnownFileType = folder.assetcatalog; path = Assets.xcassets; sourceTree = "<group>"; };
		8D5498252AB8915A004B2D9F /* Preview Assets.xcassets */ = {isa = PBXFileReference; lastKnownFileType = folder.assetcatalog; path = "Preview Assets.xcassets"; sourceTree = "<group>"; };
		8D54982C2AB893E2004B2D9F /* GameViewModel.swift */ = {isa = PBXFileReference; lastKnownFileType = sourcecode.swift; path = GameViewModel.swift; sourceTree = "<group>"; };
		8D54982E2AB89508004B2D9F /* GameMatrix.swift */ = {isa = PBXFileReference; lastKnownFileType = sourcecode.swift; path = GameMatrix.swift; sourceTree = "<group>"; };
		8D5498322AB8CE8B004B2D9F /* IdentifiedBoard.swift */ = {isa = PBXFileReference; lastKnownFileType = sourcecode.swift; path = IdentifiedBoard.swift; sourceTree = "<group>"; };
		8D5498342AB8D084004B2D9F /* BoardView.swift */ = {isa = PBXFileReference; lastKnownFileType = sourcecode.swift; path = BoardView.swift; sourceTree = "<group>"; };
		8D5498362AB8D2B1004B2D9F /* BoardViewDetails.swift */ = {isa = PBXFileReference; lastKnownFileType = sourcecode.swift; path = BoardViewDetails.swift; sourceTree = "<group>"; };
		8D5498382AB8D60E004B2D9F /* BoardGridView.swift */ = {isa = PBXFileReference; lastKnownFileType = sourcecode.swift; path = BoardGridView.swift; sourceTree = "<group>"; };
		8D54983C2AB8D6B4004B2D9F /* AnchoredScale.swift */ = {isa = PBXFileReference; lastKnownFileType = sourcecode.swift; path = AnchoredScale.swift; sourceTree = "<group>"; };
		8D54983E2AB8D6D3004B2D9F /* BlurEffect.swift */ = {isa = PBXFileReference; lastKnownFileType = sourcecode.swift; path = BlurEffect.swift; sourceTree = "<group>"; };
		8D5498402AB8D701004B2D9F /* MergedViewModifier.swift */ = {isa = PBXFileReference; lastKnownFileType = sourcecode.swift; path = MergedViewModifier.swift; sourceTree = "<group>"; };
		8D5498422AB8D73D004B2D9F /* AnyTransition+Extemsion.swift */ = {isa = PBXFileReference; lastKnownFileType = sourcecode.swift; path = "AnyTransition+Extemsion.swift"; sourceTree = "<group>"; };
		8D5498582ABA2955004B2D9F /* Edge+Extension.swift */ = {isa = PBXFileReference; lastKnownFileType = sourcecode.swift; path = "Edge+Extension.swift"; sourceTree = "<group>"; };
/* End PBXFileReference section */

/* Begin PBXFrameworksBuildPhase section */
		8D5498182AB89159004B2D9F /* Frameworks */ = {
			isa = PBXFrameworksBuildPhase;
			buildActionMask = 2147483647;
			files = (
			);
			runOnlyForDeploymentPostprocessing = 0;
		};
/* End PBXFrameworksBuildPhase section */

/* Begin PBXGroup section */
		8D5498122AB89159004B2D9F = {
			isa = PBXGroup;
			children = (
				8D54981D2AB89159004B2D9F /* 2048 */,
				8D54981C2AB89159004B2D9F /* Products */,
			);
			sourceTree = "<group>";
		};
		8D54981C2AB89159004B2D9F /* Products */ = {
			isa = PBXGroup;
			children = (
				8D54981B2AB89159004B2D9F /* 2048.app */,
			);
			name = Products;
			sourceTree = "<group>";
		};
		8D54981D2AB89159004B2D9F /* 2048 */ = {
			isa = PBXGroup;
			children = (
				8D54981E2AB89159004B2D9F /* G2048App.swift */,
				8D54983B2AB8D69A004B2D9F /* Helpers */,
				8D54983A2AB8D686004B2D9F /* ViewModel */,
				8D5498302AB8CE64004B2D9F /* View */,
				8D5498312AB8CE6E004B2D9F /* Model */,
				8D5498222AB8915A004B2D9F /* Assets.xcassets */,
				8D5498242AB8915A004B2D9F /* Preview Content */,
			);
			path = 2048;
			sourceTree = "<group>";
		};
		8D5498242AB8915A004B2D9F /* Preview Content */ = {
			isa = PBXGroup;
			children = (
				8D5498252AB8915A004B2D9F /* Preview Assets.xcassets */,
			);
			path = "Preview Content";
			sourceTree = "<group>";
		};
		8D5498302AB8CE64004B2D9F /* View */ = {
			isa = PBXGroup;
			children = (
				8D5498202AB89159004B2D9F /* GameView.swift */,
				8D5498342AB8D084004B2D9F /* BoardView.swift */,
				8D5498382AB8D60E004B2D9F /* BoardGridView.swift */,
			);
			path = View;
			sourceTree = "<group>";
		};
		8D5498312AB8CE6E004B2D9F /* Model */ = {
			isa = PBXGroup;
			children = (
				8D54982E2AB89508004B2D9F /* GameMatrix.swift */,
				8D5498362AB8D2B1004B2D9F /* BoardViewDetails.swift */,
				8D5498322AB8CE8B004B2D9F /* IdentifiedBoard.swift */,
			);
			path = Model;
			sourceTree = "<group>";
		};
		8D54983A2AB8D686004B2D9F /* ViewModel */ = {
			isa = PBXGroup;
			children = (
				8D54982C2AB893E2004B2D9F /* GameViewModel.swift */,
			);
			path = ViewModel;
			sourceTree = "<group>";
		};
		8D54983B2AB8D69A004B2D9F /* Helpers */ = {
			isa = PBXGroup;
			children = (
				8D54983C2AB8D6B4004B2D9F /* AnchoredScale.swift */,
				8D5498402AB8D701004B2D9F /* MergedViewModifier.swift */,
				8D5498422AB8D73D004B2D9F /* AnyTransition+Extemsion.swift */,
				8D54983E2AB8D6D3004B2D9F /* BlurEffect.swift */,
				8D5498582ABA2955004B2D9F /* Edge+Extension.swift */,
			);
			path = Helpers;
			sourceTree = "<group>";
		};
/* End PBXGroup section */

/* Begin PBXNativeTarget section */
		8D54981A2AB89159004B2D9F /* 2048 */ = {
			isa = PBXNativeTarget;
			buildConfigurationList = 8D5498292AB8915A004B2D9F /* Build configuration list for PBXNativeTarget "2048" */;
			buildPhases = (
				8D5498172AB89159004B2D9F /* Sources */,
				8D5498182AB89159004B2D9F /* Frameworks */,
				8D5498192AB89159004B2D9F /* Resources */,
			);
			buildRules = (
			);
			dependencies = (
			);
			name = 2048;
			productName = 2048;
			productReference = 8D54981B2AB89159004B2D9F /* 2048.app */;
			productType = "com.apple.product-type.application";
		};
/* End PBXNativeTarget section */

/* Begin PBXProject section */
		8D5498132AB89159004B2D9F /* Project object */ = {
			isa = PBXProject;
			attributes = {
				BuildIndependentTargetsInParallel = 1;
				LastSwiftUpdateCheck = 1430;
				LastUpgradeCheck = 1430;
				TargetAttributes = {
					8D54981A2AB89159004B2D9F = {
						CreatedOnToolsVersion = 14.3;
					};
				};
			};
			buildConfigurationList = 8D5498162AB89159004B2D9F /* Build configuration list for PBXProject "2048" */;
			compatibilityVersion = "Xcode 14.0";
			developmentRegion = en;
			hasScannedForEncodings = 0;
			knownRegions = (
				en,
				Base,
			);
			mainGroup = 8D5498122AB89159004B2D9F;
			productRefGroup = 8D54981C2AB89159004B2D9F /* Products */;
			projectDirPath = "";
			projectRoot = "";
			targets = (
				8D54981A2AB89159004B2D9F /* 2048 */,
			);
		};
/* End PBXProject section */

/* Begin PBXResourcesBuildPhase section */
		8D5498192AB89159004B2D9F /* Resources */ = {
			isa = PBXResourcesBuildPhase;
			buildActionMask = 2147483647;
			files = (
				8D5498262AB8915A004B2D9F /* Preview Assets.xcassets in Resources */,
				8D5498232AB8915A004B2D9F /* Assets.xcassets in Resources */,
			);
			runOnlyForDeploymentPostprocessing = 0;
		};
/* End PBXResourcesBuildPhase section */

/* Begin PBXSourcesBuildPhase section */
		8D5498172AB89159004B2D9F /* Sources */ = {
			isa = PBXSourcesBuildPhase;
			buildActionMask = 2147483647;
			files = (
				8D54982F2AB89508004B2D9F /* GameMatrix.swift in Sources */,
				8D5498392AB8D60E004B2D9F /* BoardGridView.swift in Sources */,
				8D5498432AB8D73D004B2D9F /* AnyTransition+Extemsion.swift in Sources */,
				8D54982D2AB893E2004B2D9F /* GameViewModel.swift in Sources */,
				8D5498412AB8D701004B2D9F /* MergedViewModifier.swift in Sources */,
				8D5498332AB8CE8B004B2D9F /* IdentifiedBoard.swift in Sources */,
				8D5498592ABA2955004B2D9F /* Edge+Extension.swift in Sources */,
				8D5498372AB8D2B1004B2D9F /* BoardViewDetails.swift in Sources */,
				8D54983D2AB8D6B4004B2D9F /* AnchoredScale.swift in Sources */,
				8D5498352AB8D084004B2D9F /* BoardView.swift in Sources */,
				8D5498212AB89159004B2D9F /* GameView.swift in Sources */,
				8D54981F2AB89159004B2D9F /* G2048App.swift in Sources */,
				8D54983F2AB8D6D3004B2D9F /* BlurEffect.swift in Sources */,
			);
			runOnlyForDeploymentPostprocessing = 0;
		};
/* End PBXSourcesBuildPhase section */

/* Begin XCBuildConfiguration section */
		8D5498272AB8915A004B2D9F /* Debug */ = {
			isa = XCBuildConfiguration;
			buildSettings = {
				ALWAYS_SEARCH_USER_PATHS = NO;
				CLANG_ANALYZER_NONNULL = YES;
				CLANG_ANALYZER_NUMBER_OBJECT_CONVERSION = YES_AGGRESSIVE;
				CLANG_CXX_LANGUAGE_STANDARD = "gnu++20";
				CLANG_ENABLE_MODULES = YES;
				CLANG_ENABLE_OBJC_ARC = YES;
				CLANG_ENABLE_OBJC_WEAK = YES;
				CLANG_WARN_BLOCK_CAPTURE_AUTORELEASING = YES;
				CLANG_WARN_BOOL_CONVERSION = YES;
				CLANG_WARN_COMMA = YES;
				CLANG_WARN_CONSTANT_CONVERSION = YES;
				CLANG_WARN_DEPRECATED_OBJC_IMPLEMENTATIONS = YES;
				CLANG_WARN_DIRECT_OBJC_ISA_USAGE = YES_ERROR;
				CLANG_WARN_DOCUMENTATION_COMMENTS = YES;
				CLANG_WARN_EMPTY_BODY = YES;
				CLANG_WARN_ENUM_CONVERSION = YES;
				CLANG_WARN_INFINITE_RECURSION = YES;
				CLANG_WARN_INT_CONVERSION = YES;
				CLANG_WARN_NON_LITERAL_NULL_CONVERSION = YES;
				CLANG_WARN_OBJC_IMPLICIT_RETAIN_SELF = YES;
				CLANG_WARN_OBJC_LITERAL_CONVERSION = YES;
				CLANG_WARN_OBJC_ROOT_CLASS = YES_ERROR;
				CLANG_WARN_QUOTED_INCLUDE_IN_FRAMEWORK_HEADER = YES;
				CLANG_WARN_RANGE_LOOP_ANALYSIS = YES;
				CLANG_WARN_STRICT_PROTOTYPES = YES;
				CLANG_WARN_SUSPICIOUS_MOVE = YES;
				CLANG_WARN_UNGUARDED_AVAILABILITY = YES_AGGRESSIVE;
				CLANG_WARN_UNREACHABLE_CODE = YES;
				CLANG_WARN__DUPLICATE_METHOD_MATCH = YES;
				COPY_PHASE_STRIP = NO;
				DEBUG_INFORMATION_FORMAT = dwarf;
				ENABLE_STRICT_OBJC_MSGSEND = YES;
				ENABLE_TESTABILITY = YES;
				GCC_C_LANGUAGE_STANDARD = gnu11;
				GCC_DYNAMIC_NO_PIC = NO;
				GCC_NO_COMMON_BLOCKS = YES;
				GCC_OPTIMIZATION_LEVEL = 0;
				GCC_PREPROCESSOR_DEFINITIONS = (
					"DEBUG=1",
					"$(inherited)",
				);
				GCC_WARN_64_TO_32_BIT_CONVERSION = YES;
				GCC_WARN_ABOUT_RETURN_TYPE = YES_ERROR;
				GCC_WARN_UNDECLARED_SELECTOR = YES;
				GCC_WARN_UNINITIALIZED_AUTOS = YES_AGGRESSIVE;
				GCC_WARN_UNUSED_FUNCTION = YES;
				GCC_WARN_UNUSED_VARIABLE = YES;
				IPHONEOS_DEPLOYMENT_TARGET = 16.4;
				MTL_ENABLE_DEBUG_INFO = INCLUDE_SOURCE;
				MTL_FAST_MATH = YES;
				ONLY_ACTIVE_ARCH = YES;
				SDKROOT = iphoneos;
				SWIFT_ACTIVE_COMPILATION_CONDITIONS = DEBUG;
				SWIFT_OPTIMIZATION_LEVEL = "-Onone";
			};
			name = Debug;
		};
		8D5498282AB8915A004B2D9F /* Release */ = {
			isa = XCBuildConfiguration;
			buildSettings = {
				ALWAYS_SEARCH_USER_PATHS = NO;
				CLANG_ANALYZER_NONNULL = YES;
				CLANG_ANALYZER_NUMBER_OBJECT_CONVERSION = YES_AGGRESSIVE;
				CLANG_CXX_LANGUAGE_STANDARD = "gnu++20";
				CLANG_ENABLE_MODULES = YES;
				CLANG_ENABLE_OBJC_ARC = YES;
				CLANG_ENABLE_OBJC_WEAK = YES;
				CLANG_WARN_BLOCK_CAPTURE_AUTORELEASING = YES;
				CLANG_WARN_BOOL_CONVERSION = YES;
				CLANG_WARN_COMMA = YES;
				CLANG_WARN_CONSTANT_CONVERSION = YES;
				CLANG_WARN_DEPRECATED_OBJC_IMPLEMENTATIONS = YES;
				CLANG_WARN_DIRECT_OBJC_ISA_USAGE = YES_ERROR;
				CLANG_WARN_DOCUMENTATION_COMMENTS = YES;
				CLANG_WARN_EMPTY_BODY = YES;
				CLANG_WARN_ENUM_CONVERSION = YES;
				CLANG_WARN_INFINITE_RECURSION = YES;
				CLANG_WARN_INT_CONVERSION = YES;
				CLANG_WARN_NON_LITERAL_NULL_CONVERSION = YES;
				CLANG_WARN_OBJC_IMPLICIT_RETAIN_SELF = YES;
				CLANG_WARN_OBJC_LITERAL_CONVERSION = YES;
				CLANG_WARN_OBJC_ROOT_CLASS = YES_ERROR;
				CLANG_WARN_QUOTED_INCLUDE_IN_FRAMEWORK_HEADER = YES;
				CLANG_WARN_RANGE_LOOP_ANALYSIS = YES;
				CLANG_WARN_STRICT_PROTOTYPES = YES;
				CLANG_WARN_SUSPICIOUS_MOVE = YES;
				CLANG_WARN_UNGUARDED_AVAILABILITY = YES_AGGRESSIVE;
				CLANG_WARN_UNREACHABLE_CODE = YES;
				CLANG_WARN__DUPLICATE_METHOD_MATCH = YES;
				COPY_PHASE_STRIP = NO;
				DEBUG_INFORMATION_FORMAT = "dwarf-with-dsym";
				ENABLE_NS_ASSERTIONS = NO;
				ENABLE_STRICT_OBJC_MSGSEND = YES;
				GCC_C_LANGUAGE_STANDARD = gnu11;
				GCC_NO_COMMON_BLOCKS = YES;
				GCC_WARN_64_TO_32_BIT_CONVERSION = YES;
				GCC_WARN_ABOUT_RETURN_TYPE = YES_ERROR;
				GCC_WARN_UNDECLARED_SELECTOR = YES;
				GCC_WARN_UNINITIALIZED_AUTOS = YES_AGGRESSIVE;
				GCC_WARN_UNUSED_FUNCTION = YES;
				GCC_WARN_UNUSED_VARIABLE = YES;
				IPHONEOS_DEPLOYMENT_TARGET = 16.4;
				MTL_ENABLE_DEBUG_INFO = NO;
				MTL_FAST_MATH = YES;
				SDKROOT = iphoneos;
				SWIFT_COMPILATION_MODE = wholemodule;
				SWIFT_OPTIMIZATION_LEVEL = "-O";
				VALIDATE_PRODUCT = YES;
			};
			name = Release;
		};
		8D54982A2AB8915A004B2D9F /* Debug */ = {
			isa = XCBuildConfiguration;
			buildSettings = {
				ASSETCATALOG_COMPILER_APPICON_NAME = AppIcon;
				ASSETCATALOG_COMPILER_GLOBAL_ACCENT_COLOR_NAME = AccentColor;
				CODE_SIGN_STYLE = Automatic;
				CURRENT_PROJECT_VERSION = 1;
				DEVELOPMENT_ASSET_PATHS = "\"2048/Preview Content\"";
				DEVELOPMENT_TEAM = 776P97757W;
				ENABLE_PREVIEWS = YES;
				GENERATE_INFOPLIST_FILE = YES;
				INFOPLIST_KEY_UIApplicationSceneManifest_Generation = YES;
				INFOPLIST_KEY_UIApplicationSupportsIndirectInputEvents = YES;
				INFOPLIST_KEY_UILaunchScreen_Generation = YES;
				INFOPLIST_KEY_UISupportedInterfaceOrientations_iPad = "UIInterfaceOrientationPortrait UIInterfaceOrientationPortraitUpsideDown UIInterfaceOrientationLandscapeLeft UIInterfaceOrientationLandscapeRight";
				INFOPLIST_KEY_UISupportedInterfaceOrientations_iPhone = "UIInterfaceOrientationPortrait UIInterfaceOrientationLandscapeLeft UIInterfaceOrientationLandscapeRight";
				LD_RUNPATH_SEARCH_PATHS = (
					"$(inherited)",
					"@executable_path/Frameworks",
				);
				MARKETING_VERSION = 1.0;
				PRODUCT_BUNDLE_IDENTIFIER = "Sir.-048";
				PRODUCT_NAME = "$(TARGET_NAME)";
				SWIFT_EMIT_LOC_STRINGS = YES;
				SWIFT_VERSION = 5.0;
				TARGETED_DEVICE_FAMILY = "1,2";
			};
			name = Debug;
		};
		8D54982B2AB8915A004B2D9F /* Release */ = {
			isa = XCBuildConfiguration;
			buildSettings = {
				ASSETCATALOG_COMPILER_APPICON_NAME = AppIcon;
				ASSETCATALOG_COMPILER_GLOBAL_ACCENT_COLOR_NAME = AccentColor;
				CODE_SIGN_STYLE = Automatic;
				CURRENT_PROJECT_VERSION = 1;
				DEVELOPMENT_ASSET_PATHS = "\"2048/Preview Content\"";
				DEVELOPMENT_TEAM = 776P97757W;
				ENABLE_PREVIEWS = YES;
				GENERATE_INFOPLIST_FILE = YES;
				INFOPLIST_KEY_UIApplicationSceneManifest_Generation = YES;
				INFOPLIST_KEY_UIApplicationSupportsIndirectInputEvents = YES;
				INFOPLIST_KEY_UILaunchScreen_Generation = YES;
				INFOPLIST_KEY_UISupportedInterfaceOrientations_iPad = "UIInterfaceOrientationPortrait UIInterfaceOrientationPortraitUpsideDown UIInterfaceOrientationLandscapeLeft UIInterfaceOrientationLandscapeRight";
				INFOPLIST_KEY_UISupportedInterfaceOrientations_iPhone = "UIInterfaceOrientationPortrait UIInterfaceOrientationLandscapeLeft UIInterfaceOrientationLandscapeRight";
				LD_RUNPATH_SEARCH_PATHS = (
					"$(inherited)",
					"@executable_path/Frameworks",
				);
				MARKETING_VERSION = 1.0;
				PRODUCT_BUNDLE_IDENTIFIER = "Sir.-048";
				PRODUCT_NAME = "$(TARGET_NAME)";
				SWIFT_EMIT_LOC_STRINGS = YES;
				SWIFT_VERSION = 5.0;
				TARGETED_DEVICE_FAMILY = "1,2";
			};
			name = Release;
		};
/* End XCBuildConfiguration section */

/* Begin XCConfigurationList section */
		8D5498162AB89159004B2D9F /* Build configuration list for PBXProject "2048" */ = {
			isa = XCConfigurationList;
			buildConfigurations = (
				8D5498272AB8915A004B2D9F /* Debug */,
				8D5498282AB8915A004B2D9F /* Release */,
			);
			defaultConfigurationIsVisible = 0;
			defaultConfigurationName = Release;
		};
		8D5498292AB8915A004B2D9F /* Build configuration list for PBXNativeTarget "2048" */ = {
			isa = XCConfigurationList;
			buildConfigurations = (
				8D54982A2AB8915A004B2D9F /* Debug */,
				8D54982B2AB8915A004B2D9F /* Release */,
			);
			defaultConfigurationIsVisible = 0;
			defaultConfigurationName = Release;
		};
/* End XCConfigurationList section */
	};
	rootObject = 8D5498132AB89159004B2D9F /* Project object */;
}
